lockfileVersion: '6.0'

settings:
  autoInstallPeers: true
  excludeLinksFromLockfile: false

dependencies:
  dayjs:
    specifier: ^1.11.10
    version: 1.11.10

devDependencies:
  prettier:
    specifier: ^3.1.1
    version: 3.1.1

packages:

  /dayjs@1.11.10:
    resolution: {integrity: sha512-vjAczensTgRcqDERK0SR2XMwsF/tSvnvlv6VcF2GIhg6Sx4yOIt/irsr1RDJsKiIyBzJDpCoXiWWq28MqH2cnQ==, tarball: https://registry.npmjs.org/dayjs/-/dayjs-1.11.10.tgz}
    dev: false

  /prettier@3.1.1:
    resolution: {integrity: sha512-22UbSzg8luF4UuZtzgiUOfcGM8s4tjBv6dJRT7j275NXsy2jb4aJa4NNveul5x4eqlF1wuhuR2RElK71RvmVaw==, tarball: https://registry.npmjs.org/prettier/-/prettier-3.1.1.tgz}
    engines: {node: '>=14'}
    hasBin: true
    dev: true
